
Microsoft Visual Studio Solution File, Format Version 12.00
# Visual Studio Version 17
VisualStudioVersion = 17.3.32922.545
MinimumVisualStudioVersion = 10.0.40219.1
Project("{9A19103F-16F7-4668-BE54-9A1E7A4F7556}") = "1.DefineInterfaceIPerson", "1.DefineInterfaceIPerson\1.DefineInterfaceIPerson.csproj", "{C5CC91B2-3C88-4EBE-AF49-5835ABF98DDD}"
EndProject
Project("{9A19103F-16F7-4668-BE54-9A1E7A4F7556}") = "2.MultipleImplementation", "2.MultipleImplementation\2.MultipleImplementation.csproj", "{C6543D6C-1A0C-4E07-A5F5-84BBFE30BE4F}"
EndProject
Project("{9A19103F-16F7-4668-BE54-9A1E7A4F7556}") = "3.Telephony", "3.Telephony\3.Telephony.csproj", "{888E85CC-8EED-4B87-8DAC-593386C0815A}"
EndProject
Project("{FAE04EC0-301F-11D3-BF4B-00C04F79EFBC}") = "4.BorderControl", "4.BorderControl\4.BorderControl.csproj", "{138622A5-495C-4E05-AA1F-A0D08AF1A80F}"
EndProject
Project("{FAE04EC0-301F-11D3-BF4B-00C04F79EFBC}") = "5.BirthdayCelebrations", "5.BirthdayCelebrations\5.BirthdayCelebrations.csproj", "{25B24786-804A-4049-B2CD-23F440B6C40C}"
EndProject
Project("{FAE04EC0-301F-11D3-BF4B-00C04F79EFBC}") = "6.FoodShortage", "6.FoodShortage\6.FoodShortage.csproj", "{1CCED0AB-5008-44D7-91A3-127344A08504}"
EndProject
Project("{FAE04EC0-301F-11D3-BF4B-00C04F79EFBC}") = "7.MilitaryElite", "7.MilitaryElite\7.MilitaryElite.csproj", "{D455F9C8-FEAA-4B16-9DE2-3B815C382D32}"
EndProject
Project("{FAE04EC0-301F-11D3-BF4B-00C04F79EFBC}") = "8.CollectionHierarchy", "8.CollectionHierarchy\8.CollectionHierarchy.csproj", "{98700971-3DC6-4968-B3A6-77F875DCBA78}"
EndProject
Project("{FAE04EC0-301F-11D3-BF4B-00C04F79EFBC}") = "9.ExplicitInterfaces", "9.ExplicitInterfaces\9.ExplicitInterfaces.csproj", "{B890CDBF-34C8-4BAD-95A9-CDBFF69127EC}"
EndProject
Global
	GlobalSection(SolutionConfigurationPlatforms) = preSolution
		Debug|Any CPU = Debug|Any CPU
		Release|Any CPU = Release|Any CPU
	EndGlobalSection
	GlobalSection(ProjectConfigurationPlatforms) = postSolution
		{C5CC91B2-3C88-4EBE-AF49-5835ABF98DDD}.Debug|Any CPU.ActiveCfg = Debug|Any CPU
		{C5CC91B2-3C88-4EBE-AF49-5835ABF98DDD}.Debug|Any CPU.Build.0 = Debug|Any CPU
		{C5CC91B2-3C88-4EBE-AF49-5835ABF98DDD}.Release|Any CPU.ActiveCfg = Release|Any CPU
		{C5CC91B2-3C88-4EBE-AF49-5835ABF98DDD}.Release|Any CPU.Build.0 = Release|Any CPU
		{C6543D6C-1A0C-4E07-A5F5-84BBFE30BE4F}.Debug|Any CPU.ActiveCfg = Debug|Any CPU
		{C6543D6C-1A0C-4E07-A5F5-84BBFE30BE4F}.Debug|Any CPU.Build.0 = Debug|Any CPU
		{C6543D6C-1A0C-4E07-A5F5-84BBFE30BE4F}.Release|Any CPU.ActiveCfg = Release|Any CPU
		{C6543D6C-1A0C-4E07-A5F5-84BBFE30BE4F}.Release|Any CPU.Build.0 = Release|Any CPU
		{888E85CC-8EED-4B87-8DAC-593386C0815A}.Debug|Any CPU.ActiveCfg = Debug|Any CPU
		{888E85CC-8EED-4B87-8DAC-593386C0815A}.Debug|Any CPU.Build.0 = Debug|Any CPU
		{888E85CC-8EED-4B87-8DAC-593386C0815A}.Release|Any CPU.ActiveCfg = Release|Any CPU
		{888E85CC-8EED-4B87-8DAC-593386C0815A}.Release|Any CPU.Build.0 = Release|Any CPU
		{138622A5-495C-4E05-AA1F-A0D08AF1A80F}.Debug|Any CPU.ActiveCfg = Debug|Any CPU
		{138622A5-495C-4E05-AA1F-A0D08AF1A80F}.Debug|Any CPU.Build.0 = Debug|Any CPU
		{138622A5-495C-4E05-AA1F-A0D08AF1A80F}.Release|Any CPU.ActiveCfg = Release|Any CPU
		{138622A5-495C-4E05-AA1F-A0D08AF1A80F}.Release|Any CPU.Build.0 = Release|Any CPU
		{25B24786-804A-4049-B2CD-23F440B6C40C}.Debug|Any CPU.ActiveCfg = Debug|Any CPU
		{25B24786-804A-4049-B2CD-23F440B6C40C}.Debug|Any CPU.Build.0 = Debug|Any CPU
		{25B24786-804A-4049-B2CD-23F440B6C40C}.Release|Any CPU.ActiveCfg = Release|Any CPU
		{25B24786-804A-4049-B2CD-23F440B6C40C}.Release|Any CPU.Build.0 = Release|Any CPU
		{1CCED0AB-5008-44D7-91A3-127344A08504}.Debug|Any CPU.ActiveCfg = Debug|Any CPU
		{1CCED0AB-5008-44D7-91A3-127344A08504}.Debug|Any CPU.Build.0 = Debug|Any CPU
		{1CCED0AB-5008-44D7-91A3-127344A08504}.Release|Any CPU.ActiveCfg = Release|Any CPU
		{1CCED0AB-5008-44D7-91A3-127344A08504}.Release|Any CPU.Build.0 = Release|Any CPU
		{D455F9C8-FEAA-4B16-9DE2-3B815C382D32}.Debug|Any CPU.ActiveCfg = Debug|Any CPU
		{D455F9C8-FEAA-4B16-9DE2-3B815C382D32}.Debug|Any CPU.Build.0 = Debug|Any CPU
		{D455F9C8-FEAA-4B16-9DE2-3B815C382D32}.Release|Any CPU.ActiveCfg = Release|Any CPU
		{D455F9C8-FEAA-4B16-9DE2-3B815C382D32}.Release|Any CPU.Build.0 = Release|Any CPU
		{98700971-3DC6-4968-B3A6-77F875DCBA78}.Debug|Any CPU.ActiveCfg = Debug|Any CPU
		{98700971-3DC6-4968-B3A6-77F875DCBA78}.Debug|Any CPU.Build.0 = Debug|Any CPU
		{98700971-3DC6-4968-B3A6-77F875DCBA78}.Release|Any CPU.ActiveCfg = Release|Any CPU
		{98700971-3DC6-4968-B3A6-77F875DCBA78}.Release|Any CPU.Build.0 = Release|Any CPU
		{B890CDBF-34C8-4BAD-95A9-CDBFF69127EC}.Debug|Any CPU.ActiveCfg = Debug|Any CPU
		{B890CDBF-34C8-4BAD-95A9-CDBFF69127EC}.Debug|Any CPU.Build.0 = Debug|Any CPU
		{B890CDBF-34C8-4BAD-95A9-CDBFF69127EC}.Release|Any CPU.ActiveCfg = Release|Any CPU
		{B890CDBF-34C8-4BAD-95A9-CDBFF69127EC}.Release|Any CPU.Build.0 = Release|Any CPU
	EndGlobalSection
	GlobalSection(SolutionProperties) = preSolution
		HideSolutionNode = FALSE
	EndGlobalSection
	GlobalSection(ExtensibilityGlobals) = postSolution
		SolutionGuid = {27B912FF-18F4-40A5-9400-0709E6682F89}
	EndGlobalSection
EndGlobal
