
Microsoft Visual Studio Solution File, Format Version 12.00
# Visual Studio Version 17
VisualStudioVersion = 17.2.32516.85
MinimumVisualStudioVersion = 10.0.40219.1
Project("{9A19103F-16F7-4668-BE54-9A1E7A4F7556}") = "Ranking", "Ranking\Ranking.csproj", "{75F403D4-3F03-4B34-B98A-FAB80C750CDC}"
EndProject
Project("{FAE04EC0-301F-11D3-BF4B-00C04F79EFBC}") = "Judge", "Judge\Judge.csproj", "{C4C8D791-B9EF-49B4-85AF-C088852B5B87}"
EndProject
Global
	GlobalSection(SolutionConfigurationPlatforms) = preSolution
		Debug|Any CPU = Debug|Any CPU
		Release|Any CPU = Release|Any CPU
	EndGlobalSection
	GlobalSection(ProjectConfigurationPlatforms) = postSolution
		{75F403D4-3F03-4B34-B98A-FAB80C750CDC}.Debug|Any CPU.ActiveCfg = Debug|Any CPU
		{75F403D4-3F03-4B34-B98A-FAB80C750CDC}.Debug|Any CPU.Build.0 = Debug|Any CPU
		{75F403D4-3F03-4B34-B98A-FAB80C750CDC}.Release|Any CPU.ActiveCfg = Release|Any CPU
		{75F403D4-3F03-4B34-B98A-FAB80C750CDC}.Release|Any CPU.Build.0 = Release|Any CPU
		{C4C8D791-B9EF-49B4-85AF-C088852B5B87}.Debug|Any CPU.ActiveCfg = Debug|Any CPU
		{C4C8D791-B9EF-49B4-85AF-C088852B5B87}.Debug|Any CPU.Build.0 = Debug|Any CPU
		{C4C8D791-B9EF-49B4-85AF-C088852B5B87}.Release|Any CPU.ActiveCfg = Release|Any CPU
		{C4C8D791-B9EF-49B4-85AF-C088852B5B87}.Release|Any CPU.Build.0 = Release|Any CPU
	EndGlobalSection
	GlobalSection(SolutionProperties) = preSolution
		HideSolutionNode = FALSE
	EndGlobalSection
	GlobalSection(ExtensibilityGlobals) = postSolution
		SolutionGuid = {8A2FA889-9E04-497C-98BA-0535F725B0F4}
	EndGlobalSection
EndGlobal
