
Microsoft Visual Studio Solution File, Format Version 12.00
# Visual Studio Version 17
VisualStudioVersion = 17.2.32516.85
MinimumVisualStudioVersion = 10.0.40219.1
Project("{FAE04EC0-301F-11D3-BF4B-00C04F79EFBC}") = "Encrypt, Sort and Print Array", "Encrypt, Sort and Print Array\Encrypt, Sort and Print Array.csproj", "{0A7AC3AD-9D14-4ABE-BAC6-28B6DC08F476}"
EndProject
Project("{FAE04EC0-301F-11D3-BF4B-00C04F79EFBC}") = "Pascal Triangle", "Pascal Triangle\Pascal Triangle.csproj", "{FD230787-DAE4-4D28-98E3-F768459ED9B8}"
EndProject
Project("{FAE04EC0-301F-11D3-BF4B-00C04F79EFBC}") = "Recursive Fibonacci", "Recursive Fibonachi\Recursive Fibonacci.csproj", "{A177326C-B0B6-49EE-9B06-F1523ECCB1F0}"
EndProject
Project("{FAE04EC0-301F-11D3-BF4B-00C04F79EFBC}") = "Fold and Sum", "Fold and Sum\Fold and Sum.csproj", "{5328F356-F0E5-43E8-8AFA-6BEBFD1523D7}"
EndProject
Project("{FAE04EC0-301F-11D3-BF4B-00C04F79EFBC}") = "Longest Increasing Subsequence", "Longest Increasing Subsequence\Longest Increasing Subsequence.csproj", "{67B4C6F8-C7BF-40C6-BE4C-F00EA285E201}"
EndProject
Global
	GlobalSection(SolutionConfigurationPlatforms) = preSolution
		Debug|Any CPU = Debug|Any CPU
		Release|Any CPU = Release|Any CPU
	EndGlobalSection
	GlobalSection(ProjectConfigurationPlatforms) = postSolution
		{0A7AC3AD-9D14-4ABE-BAC6-28B6DC08F476}.Debug|Any CPU.ActiveCfg = Debug|Any CPU
		{0A7AC3AD-9D14-4ABE-BAC6-28B6DC08F476}.Debug|Any CPU.Build.0 = Debug|Any CPU
		{0A7AC3AD-9D14-4ABE-BAC6-28B6DC08F476}.Release|Any CPU.ActiveCfg = Release|Any CPU
		{0A7AC3AD-9D14-4ABE-BAC6-28B6DC08F476}.Release|Any CPU.Build.0 = Release|Any CPU
		{FD230787-DAE4-4D28-98E3-F768459ED9B8}.Debug|Any CPU.ActiveCfg = Debug|Any CPU
		{FD230787-DAE4-4D28-98E3-F768459ED9B8}.Debug|Any CPU.Build.0 = Debug|Any CPU
		{FD230787-DAE4-4D28-98E3-F768459ED9B8}.Release|Any CPU.ActiveCfg = Release|Any CPU
		{FD230787-DAE4-4D28-98E3-F768459ED9B8}.Release|Any CPU.Build.0 = Release|Any CPU
		{A177326C-B0B6-49EE-9B06-F1523ECCB1F0}.Debug|Any CPU.ActiveCfg = Debug|Any CPU
		{A177326C-B0B6-49EE-9B06-F1523ECCB1F0}.Debug|Any CPU.Build.0 = Debug|Any CPU
		{A177326C-B0B6-49EE-9B06-F1523ECCB1F0}.Release|Any CPU.ActiveCfg = Release|Any CPU
		{A177326C-B0B6-49EE-9B06-F1523ECCB1F0}.Release|Any CPU.Build.0 = Release|Any CPU
		{5328F356-F0E5-43E8-8AFA-6BEBFD1523D7}.Debug|Any CPU.ActiveCfg = Debug|Any CPU
		{5328F356-F0E5-43E8-8AFA-6BEBFD1523D7}.Debug|Any CPU.Build.0 = Debug|Any CPU
		{5328F356-F0E5-43E8-8AFA-6BEBFD1523D7}.Release|Any CPU.ActiveCfg = Release|Any CPU
		{5328F356-F0E5-43E8-8AFA-6BEBFD1523D7}.Release|Any CPU.Build.0 = Release|Any CPU
		{67B4C6F8-C7BF-40C6-BE4C-F00EA285E201}.Debug|Any CPU.ActiveCfg = Debug|Any CPU
		{67B4C6F8-C7BF-40C6-BE4C-F00EA285E201}.Debug|Any CPU.Build.0 = Debug|Any CPU
		{67B4C6F8-C7BF-40C6-BE4C-F00EA285E201}.Release|Any CPU.ActiveCfg = Release|Any CPU
		{67B4C6F8-C7BF-40C6-BE4C-F00EA285E201}.Release|Any CPU.Build.0 = Release|Any CPU
	EndGlobalSection
	GlobalSection(SolutionProperties) = preSolution
		HideSolutionNode = FALSE
	EndGlobalSection
	GlobalSection(ExtensibilityGlobals) = postSolution
		SolutionGuid = {2109D591-9350-453E-B73C-2D93E13A605F}
	EndGlobalSection
EndGlobal
