
Microsoft Visual Studio Solution File, Format Version 12.00
# Visual Studio Version 17
VisualStudioVersion = 17.2.32516.85
MinimumVisualStudioVersion = 10.0.40219.1
Project("{FAE04EC0-301F-11D3-BF4B-00C04F79EFBC}") = "1. Sort Even Numbers", "1. Sort Even Numbers\1. Sort Even Numbers.csproj", "{41A691BA-B4A5-4530-BB3D-37ADE1BB5A0E}"
EndProject
Project("{FAE04EC0-301F-11D3-BF4B-00C04F79EFBC}") = "2. Sum Numbers", "2. Sum Numbers\2. Sum Numbers.csproj", "{89CE0D31-2674-4E49-8C9E-C09C784D9556}"
EndProject
Project("{FAE04EC0-301F-11D3-BF4B-00C04F79EFBC}") = "3. Count Uppercase Words", "3. Count Uppercase Words\3. Count Uppercase Words.csproj", "{B6ED695F-99B4-4032-ABA9-0ED8EC33AA2A}"
EndProject
Project("{FAE04EC0-301F-11D3-BF4B-00C04F79EFBC}") = "4. Add VAT", "4. Add VAT\4. Add VAT.csproj", "{968BCA47-B33B-4A85-A455-4A93EEFCF26B}"
EndProject
Project("{FAE04EC0-301F-11D3-BF4B-00C04F79EFBC}") = "5. Filter By Age", "5. Filter By Age\5. Filter By Age.csproj", "{831216F3-ED79-4E0F-A430-F4762B7F9DD4}"
EndProject
Global
	GlobalSection(SolutionConfigurationPlatforms) = preSolution
		Debug|Any CPU = Debug|Any CPU
		Release|Any CPU = Release|Any CPU
	EndGlobalSection
	GlobalSection(ProjectConfigurationPlatforms) = postSolution
		{41A691BA-B4A5-4530-BB3D-37ADE1BB5A0E}.Debug|Any CPU.ActiveCfg = Debug|Any CPU
		{41A691BA-B4A5-4530-BB3D-37ADE1BB5A0E}.Debug|Any CPU.Build.0 = Debug|Any CPU
		{41A691BA-B4A5-4530-BB3D-37ADE1BB5A0E}.Release|Any CPU.ActiveCfg = Release|Any CPU
		{41A691BA-B4A5-4530-BB3D-37ADE1BB5A0E}.Release|Any CPU.Build.0 = Release|Any CPU
		{89CE0D31-2674-4E49-8C9E-C09C784D9556}.Debug|Any CPU.ActiveCfg = Debug|Any CPU
		{89CE0D31-2674-4E49-8C9E-C09C784D9556}.Debug|Any CPU.Build.0 = Debug|Any CPU
		{89CE0D31-2674-4E49-8C9E-C09C784D9556}.Release|Any CPU.ActiveCfg = Release|Any CPU
		{89CE0D31-2674-4E49-8C9E-C09C784D9556}.Release|Any CPU.Build.0 = Release|Any CPU
		{B6ED695F-99B4-4032-ABA9-0ED8EC33AA2A}.Debug|Any CPU.ActiveCfg = Debug|Any CPU
		{B6ED695F-99B4-4032-ABA9-0ED8EC33AA2A}.Debug|Any CPU.Build.0 = Debug|Any CPU
		{B6ED695F-99B4-4032-ABA9-0ED8EC33AA2A}.Release|Any CPU.ActiveCfg = Release|Any CPU
		{B6ED695F-99B4-4032-ABA9-0ED8EC33AA2A}.Release|Any CPU.Build.0 = Release|Any CPU
		{968BCA47-B33B-4A85-A455-4A93EEFCF26B}.Debug|Any CPU.ActiveCfg = Debug|Any CPU
		{968BCA47-B33B-4A85-A455-4A93EEFCF26B}.Debug|Any CPU.Build.0 = Debug|Any CPU
		{968BCA47-B33B-4A85-A455-4A93EEFCF26B}.Release|Any CPU.ActiveCfg = Release|Any CPU
		{968BCA47-B33B-4A85-A455-4A93EEFCF26B}.Release|Any CPU.Build.0 = Release|Any CPU
		{831216F3-ED79-4E0F-A430-F4762B7F9DD4}.Debug|Any CPU.ActiveCfg = Debug|Any CPU
		{831216F3-ED79-4E0F-A430-F4762B7F9DD4}.Debug|Any CPU.Build.0 = Debug|Any CPU
		{831216F3-ED79-4E0F-A430-F4762B7F9DD4}.Release|Any CPU.ActiveCfg = Release|Any CPU
		{831216F3-ED79-4E0F-A430-F4762B7F9DD4}.Release|Any CPU.Build.0 = Release|Any CPU
	EndGlobalSection
	GlobalSection(SolutionProperties) = preSolution
		HideSolutionNode = FALSE
	EndGlobalSection
	GlobalSection(ExtensibilityGlobals) = postSolution
		SolutionGuid = {993DC388-49E2-40A6-BF2B-5B0BD756E928}
	EndGlobalSection
EndGlobal
