
Microsoft Visual Studio Solution File, Format Version 12.00
# Visual Studio Version 17
VisualStudioVersion = 17.2.32516.85
MinimumVisualStudioVersion = 10.0.40219.1
Project("{FAE04EC0-301F-11D3-BF4B-00C04F79EFBC}") = "01", "data types - lab\01.csproj", "{F5F8DCD1-B6B1-47C6-8921-2FF52564C722}"
EndProject
Project("{FAE04EC0-301F-11D3-BF4B-00C04F79EFBC}") = "02", "02\02.csproj", "{AF0ADA0B-4E3A-4590-A66D-A1070BA59014}"
EndProject
Project("{FAE04EC0-301F-11D3-BF4B-00C04F79EFBC}") = "03", "03\03.csproj", "{79557B7C-10D6-48BC-BEEB-0B21B7388685}"
EndProject
Project("{FAE04EC0-301F-11D3-BF4B-00C04F79EFBC}") = "04", "04\04.csproj", "{1EE8831C-3783-46B1-B571-3ACF9E961067}"
EndProject
Project("{FAE04EC0-301F-11D3-BF4B-00C04F79EFBC}") = "05", "05\05.csproj", "{ADFD6317-FB83-434A-AB98-F758306D93FF}"
EndProject
Project("{FAE04EC0-301F-11D3-BF4B-00C04F79EFBC}") = "06", "06\06.csproj", "{8ECF3106-102E-4D63-995E-0DB228D46B6C}"
EndProject
Project("{FAE04EC0-301F-11D3-BF4B-00C04F79EFBC}") = "07", "07\07.csproj", "{9E7B6DDA-F49F-4391-9407-3994C669BBD1}"
EndProject
Project("{FAE04EC0-301F-11D3-BF4B-00C04F79EFBC}") = "08", "08\08.csproj", "{409A908C-CEE1-4F3F-9107-3151A50AF5D6}"
EndProject
Project("{FAE04EC0-301F-11D3-BF4B-00C04F79EFBC}") = "09", "09\09.csproj", "{D8526B7F-E02D-4302-A802-354BB29E9C6A}"
EndProject
Project("{FAE04EC0-301F-11D3-BF4B-00C04F79EFBC}") = "10", "10\10.csproj", "{7A97B7C3-D75F-46B4-93DA-7E53EB3689E2}"
EndProject
Project("{FAE04EC0-301F-11D3-BF4B-00C04F79EFBC}") = "11", "11\11.csproj", "{CC2CAC71-569D-4575-8680-46C091186DF0}"
EndProject
Project("{FAE04EC0-301F-11D3-BF4B-00C04F79EFBC}") = "12", "12\12.csproj", "{2ADB47C9-094F-4D7D-B64C-2775FA898361}"
EndProject
Global
	GlobalSection(SolutionConfigurationPlatforms) = preSolution
		Debug|Any CPU = Debug|Any CPU
		Release|Any CPU = Release|Any CPU
	EndGlobalSection
	GlobalSection(ProjectConfigurationPlatforms) = postSolution
		{F5F8DCD1-B6B1-47C6-8921-2FF52564C722}.Debug|Any CPU.ActiveCfg = Debug|Any CPU
		{F5F8DCD1-B6B1-47C6-8921-2FF52564C722}.Debug|Any CPU.Build.0 = Debug|Any CPU
		{F5F8DCD1-B6B1-47C6-8921-2FF52564C722}.Release|Any CPU.ActiveCfg = Release|Any CPU
		{F5F8DCD1-B6B1-47C6-8921-2FF52564C722}.Release|Any CPU.Build.0 = Release|Any CPU
		{AF0ADA0B-4E3A-4590-A66D-A1070BA59014}.Debug|Any CPU.ActiveCfg = Debug|Any CPU
		{AF0ADA0B-4E3A-4590-A66D-A1070BA59014}.Debug|Any CPU.Build.0 = Debug|Any CPU
		{AF0ADA0B-4E3A-4590-A66D-A1070BA59014}.Release|Any CPU.ActiveCfg = Release|Any CPU
		{AF0ADA0B-4E3A-4590-A66D-A1070BA59014}.Release|Any CPU.Build.0 = Release|Any CPU
		{79557B7C-10D6-48BC-BEEB-0B21B7388685}.Debug|Any CPU.ActiveCfg = Debug|Any CPU
		{79557B7C-10D6-48BC-BEEB-0B21B7388685}.Debug|Any CPU.Build.0 = Debug|Any CPU
		{79557B7C-10D6-48BC-BEEB-0B21B7388685}.Release|Any CPU.ActiveCfg = Release|Any CPU
		{79557B7C-10D6-48BC-BEEB-0B21B7388685}.Release|Any CPU.Build.0 = Release|Any CPU
		{1EE8831C-3783-46B1-B571-3ACF9E961067}.Debug|Any CPU.ActiveCfg = Debug|Any CPU
		{1EE8831C-3783-46B1-B571-3ACF9E961067}.Debug|Any CPU.Build.0 = Debug|Any CPU
		{1EE8831C-3783-46B1-B571-3ACF9E961067}.Release|Any CPU.ActiveCfg = Release|Any CPU
		{1EE8831C-3783-46B1-B571-3ACF9E961067}.Release|Any CPU.Build.0 = Release|Any CPU
		{ADFD6317-FB83-434A-AB98-F758306D93FF}.Debug|Any CPU.ActiveCfg = Debug|Any CPU
		{ADFD6317-FB83-434A-AB98-F758306D93FF}.Debug|Any CPU.Build.0 = Debug|Any CPU
		{ADFD6317-FB83-434A-AB98-F758306D93FF}.Release|Any CPU.ActiveCfg = Release|Any CPU
		{ADFD6317-FB83-434A-AB98-F758306D93FF}.Release|Any CPU.Build.0 = Release|Any CPU
		{8ECF3106-102E-4D63-995E-0DB228D46B6C}.Debug|Any CPU.ActiveCfg = Debug|Any CPU
		{8ECF3106-102E-4D63-995E-0DB228D46B6C}.Debug|Any CPU.Build.0 = Debug|Any CPU
		{8ECF3106-102E-4D63-995E-0DB228D46B6C}.Release|Any CPU.ActiveCfg = Release|Any CPU
		{8ECF3106-102E-4D63-995E-0DB228D46B6C}.Release|Any CPU.Build.0 = Release|Any CPU
		{9E7B6DDA-F49F-4391-9407-3994C669BBD1}.Debug|Any CPU.ActiveCfg = Debug|Any CPU
		{9E7B6DDA-F49F-4391-9407-3994C669BBD1}.Debug|Any CPU.Build.0 = Debug|Any CPU
		{9E7B6DDA-F49F-4391-9407-3994C669BBD1}.Release|Any CPU.ActiveCfg = Release|Any CPU
		{9E7B6DDA-F49F-4391-9407-3994C669BBD1}.Release|Any CPU.Build.0 = Release|Any CPU
		{409A908C-CEE1-4F3F-9107-3151A50AF5D6}.Debug|Any CPU.ActiveCfg = Debug|Any CPU
		{409A908C-CEE1-4F3F-9107-3151A50AF5D6}.Debug|Any CPU.Build.0 = Debug|Any CPU
		{409A908C-CEE1-4F3F-9107-3151A50AF5D6}.Release|Any CPU.ActiveCfg = Release|Any CPU
		{409A908C-CEE1-4F3F-9107-3151A50AF5D6}.Release|Any CPU.Build.0 = Release|Any CPU
		{D8526B7F-E02D-4302-A802-354BB29E9C6A}.Debug|Any CPU.ActiveCfg = Debug|Any CPU
		{D8526B7F-E02D-4302-A802-354BB29E9C6A}.Debug|Any CPU.Build.0 = Debug|Any CPU
		{D8526B7F-E02D-4302-A802-354BB29E9C6A}.Release|Any CPU.ActiveCfg = Release|Any CPU
		{D8526B7F-E02D-4302-A802-354BB29E9C6A}.Release|Any CPU.Build.0 = Release|Any CPU
		{7A97B7C3-D75F-46B4-93DA-7E53EB3689E2}.Debug|Any CPU.ActiveCfg = Debug|Any CPU
		{7A97B7C3-D75F-46B4-93DA-7E53EB3689E2}.Debug|Any CPU.Build.0 = Debug|Any CPU
		{7A97B7C3-D75F-46B4-93DA-7E53EB3689E2}.Release|Any CPU.ActiveCfg = Release|Any CPU
		{7A97B7C3-D75F-46B4-93DA-7E53EB3689E2}.Release|Any CPU.Build.0 = Release|Any CPU
		{CC2CAC71-569D-4575-8680-46C091186DF0}.Debug|Any CPU.ActiveCfg = Debug|Any CPU
		{CC2CAC71-569D-4575-8680-46C091186DF0}.Debug|Any CPU.Build.0 = Debug|Any CPU
		{CC2CAC71-569D-4575-8680-46C091186DF0}.Release|Any CPU.ActiveCfg = Release|Any CPU
		{CC2CAC71-569D-4575-8680-46C091186DF0}.Release|Any CPU.Build.0 = Release|Any CPU
		{2ADB47C9-094F-4D7D-B64C-2775FA898361}.Debug|Any CPU.ActiveCfg = Debug|Any CPU
		{2ADB47C9-094F-4D7D-B64C-2775FA898361}.Debug|Any CPU.Build.0 = Debug|Any CPU
		{2ADB47C9-094F-4D7D-B64C-2775FA898361}.Release|Any CPU.ActiveCfg = Release|Any CPU
		{2ADB47C9-094F-4D7D-B64C-2775FA898361}.Release|Any CPU.Build.0 = Release|Any CPU
	EndGlobalSection
	GlobalSection(SolutionProperties) = preSolution
		HideSolutionNode = FALSE
	EndGlobalSection
	GlobalSection(ExtensibilityGlobals) = postSolution
		SolutionGuid = {2226B0DA-244D-4368-9D48-CA3E3FA518F4}
	EndGlobalSection
EndGlobal
