
Microsoft Visual Studio Solution File, Format Version 12.00
# Visual Studio Version 17
VisualStudioVersion = 17.3.32922.545
MinimumVisualStudioVersion = 10.0.40219.1
Project("{9A19103F-16F7-4668-BE54-9A1E7A4F7556}") = "1.TilesMaster", "1.TilesMaster\1.TilesMaster.csproj", "{45C7B1B0-C1E3-447D-882E-99FB3DFA0525}"
EndProject
Project("{9A19103F-16F7-4668-BE54-9A1E7A4F7556}") = "0.Demos", "0.Demos\0.Demos.csproj", "{9C1409A9-D12A-4133-BC85-470E598779D4}"
EndProject
Project("{9A19103F-16F7-4668-BE54-9A1E7A4F7556}") = "2.WallDestroyer", "2.WallDestroyer\2.WallDestroyer.csproj", "{34F84810-494D-4335-A31C-FB3E513A14E6}"
EndProject
Project("{9A19103F-16F7-4668-BE54-9A1E7A4F7556}") = "Renovators", "Renovators\Renovators.csproj", "{36798DE3-5EBA-4B27-9E68-4D56C1A0B2A7}"
EndProject
Project("{2150E333-8FDC-42A3-9474-1A3956D46DE8}") = "25 June 2022", "25 June 2022", "{BF839A9A-A869-48F3-A24F-1FC3EBA4489B}"
EndProject
Project("{9A19103F-16F7-4668-BE54-9A1E7A4F7556}") = "1.BakeryShop", "1.BakeryShop\1.BakeryShop.csproj", "{F79AAB5D-699C-45CB-B4A6-474551143788}"
EndProject
Project("{9A19103F-16F7-4668-BE54-9A1E7A4F7556}") = "2.BeaveratWork", "2.BeaveratWork\2.BeaveratWork.csproj", "{7A482177-0107-461D-958A-302C4A525871}"
EndProject
Project("{9A19103F-16F7-4668-BE54-9A1E7A4F7556}") = "FishingNet", "FishingNet\FishingNet.csproj", "{9F73F1DB-B101-4A5C-8E23-2A4E54CFE73B}"
EndProject
Project("{2150E333-8FDC-42A3-9474-1A3956D46DE8}") = "20 February 2022", "20 February 2022", "{2A1EC3C9-486A-48A1-8245-AAD69C70E9A7}"
EndProject
Project("{9A19103F-16F7-4668-BE54-9A1E7A4F7556}") = "1.FoodFinder", "1.FoodFinder\1.FoodFinder.csproj", "{CCA6F7CC-184E-46A8-8386-D45DF02C0CA3}"
EndProject
Project("{9A19103F-16F7-4668-BE54-9A1E7A4F7556}") = "2.PawnWars", "PawnWars\2.PawnWars.csproj", "{62952BAB-E03D-44A5-BBF9-AF5249AA0B83}"
EndProject
Project("{9A19103F-16F7-4668-BE54-9A1E7A4F7556}") = "StockMarket", "StockMarket\StockMarket.csproj", "{4A32B35D-61CA-4491-8F6F-F6A6E0EAEA98}"
EndProject
Project("{2150E333-8FDC-42A3-9474-1A3956D46DE8}") = "23 October 2022", "23 October 2022", "{641CF7A1-6049-4F8C-8F55-72775D124EE5}"
EndProject
Project("{2150E333-8FDC-42A3-9474-1A3956D46DE8}") = "Exam", "Exam", "{0B448D33-C7D7-4968-B053-74C23B124A2B}"
EndProject
Project("{FAE04EC0-301F-11D3-BF4B-00C04F79EFBC}") = "EnergyDrinks", "EnergyDrinks\EnergyDrinks.csproj", "{618A8400-4CD5-41FF-8771-350052ECE2E7}"
EndProject
Project("{FAE04EC0-301F-11D3-BF4B-00C04F79EFBC}") = "RallyRacing", "RallyRacing\RallyRacing.csproj", "{95AF001F-5A34-4466-9359-7BD8FDE002C7}"
EndProject
Project("{9A19103F-16F7-4668-BE54-9A1E7A4F7556}") = "ComputerArchitecture", "Computer Architecture\ComputerArchitecture.csproj", "{9C9838E7-74F5-4E76-9373-02900293EBBB}"
EndProject
Global
	GlobalSection(SolutionConfigurationPlatforms) = preSolution
		Debug|Any CPU = Debug|Any CPU
		Release|Any CPU = Release|Any CPU
	EndGlobalSection
	GlobalSection(ProjectConfigurationPlatforms) = postSolution
		{45C7B1B0-C1E3-447D-882E-99FB3DFA0525}.Debug|Any CPU.ActiveCfg = Debug|Any CPU
		{45C7B1B0-C1E3-447D-882E-99FB3DFA0525}.Debug|Any CPU.Build.0 = Debug|Any CPU
		{45C7B1B0-C1E3-447D-882E-99FB3DFA0525}.Release|Any CPU.ActiveCfg = Release|Any CPU
		{45C7B1B0-C1E3-447D-882E-99FB3DFA0525}.Release|Any CPU.Build.0 = Release|Any CPU
		{9C1409A9-D12A-4133-BC85-470E598779D4}.Debug|Any CPU.ActiveCfg = Debug|Any CPU
		{9C1409A9-D12A-4133-BC85-470E598779D4}.Debug|Any CPU.Build.0 = Debug|Any CPU
		{9C1409A9-D12A-4133-BC85-470E598779D4}.Release|Any CPU.ActiveCfg = Release|Any CPU
		{9C1409A9-D12A-4133-BC85-470E598779D4}.Release|Any CPU.Build.0 = Release|Any CPU
		{34F84810-494D-4335-A31C-FB3E513A14E6}.Debug|Any CPU.ActiveCfg = Debug|Any CPU
		{34F84810-494D-4335-A31C-FB3E513A14E6}.Debug|Any CPU.Build.0 = Debug|Any CPU
		{34F84810-494D-4335-A31C-FB3E513A14E6}.Release|Any CPU.ActiveCfg = Release|Any CPU
		{34F84810-494D-4335-A31C-FB3E513A14E6}.Release|Any CPU.Build.0 = Release|Any CPU
		{36798DE3-5EBA-4B27-9E68-4D56C1A0B2A7}.Debug|Any CPU.ActiveCfg = Debug|Any CPU
		{36798DE3-5EBA-4B27-9E68-4D56C1A0B2A7}.Debug|Any CPU.Build.0 = Debug|Any CPU
		{36798DE3-5EBA-4B27-9E68-4D56C1A0B2A7}.Release|Any CPU.ActiveCfg = Release|Any CPU
		{36798DE3-5EBA-4B27-9E68-4D56C1A0B2A7}.Release|Any CPU.Build.0 = Release|Any CPU
		{F79AAB5D-699C-45CB-B4A6-474551143788}.Debug|Any CPU.ActiveCfg = Debug|Any CPU
		{F79AAB5D-699C-45CB-B4A6-474551143788}.Debug|Any CPU.Build.0 = Debug|Any CPU
		{F79AAB5D-699C-45CB-B4A6-474551143788}.Release|Any CPU.ActiveCfg = Release|Any CPU
		{F79AAB5D-699C-45CB-B4A6-474551143788}.Release|Any CPU.Build.0 = Release|Any CPU
		{7A482177-0107-461D-958A-302C4A525871}.Debug|Any CPU.ActiveCfg = Debug|Any CPU
		{7A482177-0107-461D-958A-302C4A525871}.Debug|Any CPU.Build.0 = Debug|Any CPU
		{7A482177-0107-461D-958A-302C4A525871}.Release|Any CPU.ActiveCfg = Release|Any CPU
		{7A482177-0107-461D-958A-302C4A525871}.Release|Any CPU.Build.0 = Release|Any CPU
		{9F73F1DB-B101-4A5C-8E23-2A4E54CFE73B}.Debug|Any CPU.ActiveCfg = Debug|Any CPU
		{9F73F1DB-B101-4A5C-8E23-2A4E54CFE73B}.Debug|Any CPU.Build.0 = Debug|Any CPU
		{9F73F1DB-B101-4A5C-8E23-2A4E54CFE73B}.Release|Any CPU.ActiveCfg = Release|Any CPU
		{9F73F1DB-B101-4A5C-8E23-2A4E54CFE73B}.Release|Any CPU.Build.0 = Release|Any CPU
		{CCA6F7CC-184E-46A8-8386-D45DF02C0CA3}.Debug|Any CPU.ActiveCfg = Debug|Any CPU
		{CCA6F7CC-184E-46A8-8386-D45DF02C0CA3}.Debug|Any CPU.Build.0 = Debug|Any CPU
		{CCA6F7CC-184E-46A8-8386-D45DF02C0CA3}.Release|Any CPU.ActiveCfg = Release|Any CPU
		{CCA6F7CC-184E-46A8-8386-D45DF02C0CA3}.Release|Any CPU.Build.0 = Release|Any CPU
		{62952BAB-E03D-44A5-BBF9-AF5249AA0B83}.Debug|Any CPU.ActiveCfg = Debug|Any CPU
		{62952BAB-E03D-44A5-BBF9-AF5249AA0B83}.Debug|Any CPU.Build.0 = Debug|Any CPU
		{62952BAB-E03D-44A5-BBF9-AF5249AA0B83}.Release|Any CPU.ActiveCfg = Release|Any CPU
		{62952BAB-E03D-44A5-BBF9-AF5249AA0B83}.Release|Any CPU.Build.0 = Release|Any CPU
		{4A32B35D-61CA-4491-8F6F-F6A6E0EAEA98}.Debug|Any CPU.ActiveCfg = Debug|Any CPU
		{4A32B35D-61CA-4491-8F6F-F6A6E0EAEA98}.Debug|Any CPU.Build.0 = Debug|Any CPU
		{4A32B35D-61CA-4491-8F6F-F6A6E0EAEA98}.Release|Any CPU.ActiveCfg = Release|Any CPU
		{4A32B35D-61CA-4491-8F6F-F6A6E0EAEA98}.Release|Any CPU.Build.0 = Release|Any CPU
		{618A8400-4CD5-41FF-8771-350052ECE2E7}.Debug|Any CPU.ActiveCfg = Debug|Any CPU
		{618A8400-4CD5-41FF-8771-350052ECE2E7}.Debug|Any CPU.Build.0 = Debug|Any CPU
		{618A8400-4CD5-41FF-8771-350052ECE2E7}.Release|Any CPU.ActiveCfg = Release|Any CPU
		{618A8400-4CD5-41FF-8771-350052ECE2E7}.Release|Any CPU.Build.0 = Release|Any CPU
		{95AF001F-5A34-4466-9359-7BD8FDE002C7}.Debug|Any CPU.ActiveCfg = Debug|Any CPU
		{95AF001F-5A34-4466-9359-7BD8FDE002C7}.Debug|Any CPU.Build.0 = Debug|Any CPU
		{95AF001F-5A34-4466-9359-7BD8FDE002C7}.Release|Any CPU.ActiveCfg = Release|Any CPU
		{95AF001F-5A34-4466-9359-7BD8FDE002C7}.Release|Any CPU.Build.0 = Release|Any CPU
		{9C9838E7-74F5-4E76-9373-02900293EBBB}.Debug|Any CPU.ActiveCfg = Debug|Any CPU
		{9C9838E7-74F5-4E76-9373-02900293EBBB}.Debug|Any CPU.Build.0 = Debug|Any CPU
		{9C9838E7-74F5-4E76-9373-02900293EBBB}.Release|Any CPU.ActiveCfg = Release|Any CPU
		{9C9838E7-74F5-4E76-9373-02900293EBBB}.Release|Any CPU.Build.0 = Release|Any CPU
	EndGlobalSection
	GlobalSection(SolutionProperties) = preSolution
		HideSolutionNode = FALSE
	EndGlobalSection
	GlobalSection(NestedProjects) = preSolution
		{45C7B1B0-C1E3-447D-882E-99FB3DFA0525} = {BF839A9A-A869-48F3-A24F-1FC3EBA4489B}
		{34F84810-494D-4335-A31C-FB3E513A14E6} = {BF839A9A-A869-48F3-A24F-1FC3EBA4489B}
		{36798DE3-5EBA-4B27-9E68-4D56C1A0B2A7} = {BF839A9A-A869-48F3-A24F-1FC3EBA4489B}
		{F79AAB5D-699C-45CB-B4A6-474551143788} = {2A1EC3C9-486A-48A1-8245-AAD69C70E9A7}
		{7A482177-0107-461D-958A-302C4A525871} = {2A1EC3C9-486A-48A1-8245-AAD69C70E9A7}
		{9F73F1DB-B101-4A5C-8E23-2A4E54CFE73B} = {2A1EC3C9-486A-48A1-8245-AAD69C70E9A7}
		{CCA6F7CC-184E-46A8-8386-D45DF02C0CA3} = {641CF7A1-6049-4F8C-8F55-72775D124EE5}
		{62952BAB-E03D-44A5-BBF9-AF5249AA0B83} = {641CF7A1-6049-4F8C-8F55-72775D124EE5}
		{4A32B35D-61CA-4491-8F6F-F6A6E0EAEA98} = {641CF7A1-6049-4F8C-8F55-72775D124EE5}
		{618A8400-4CD5-41FF-8771-350052ECE2E7} = {0B448D33-C7D7-4968-B053-74C23B124A2B}
		{95AF001F-5A34-4466-9359-7BD8FDE002C7} = {0B448D33-C7D7-4968-B053-74C23B124A2B}
		{9C9838E7-74F5-4E76-9373-02900293EBBB} = {0B448D33-C7D7-4968-B053-74C23B124A2B}
	EndGlobalSection
	GlobalSection(ExtensibilityGlobals) = postSolution
		SolutionGuid = {C2689B75-7E9D-4103-8A1F-611D8E4D0EE7}
	EndGlobalSection
EndGlobal
