
Microsoft Visual Studio Solution File, Format Version 12.00
# Visual Studio Version 17
VisualStudioVersion = 17.2.32516.85
MinimumVisualStudioVersion = 10.0.40219.1
Project("{FAE04EC0-301F-11D3-BF4B-00C04F79EFBC}") = "01. Sort Numbers", "01. Sort Numbers\01. Sort Numbers.csproj", "{5AEBA919-A9BE-4E6A-AC6A-0C88DD2111A7}"
EndProject
Project("{FAE04EC0-301F-11D3-BF4B-00C04F79EFBC}") = "02. English Name of the Last Digit", "02\02. English Name of the Last Digit.csproj", "{EA558B29-661E-46E6-9F95-13BEC82A8654}"
EndProject
Project("{FAE04EC0-301F-11D3-BF4B-00C04F79EFBC}") = "03. Gaming Store", "03\03. Gaming Store.csproj", "{6CF467A4-CA4E-4CED-9246-4B12A6BF5158}"
EndProject
Project("{FAE04EC0-301F-11D3-BF4B-00C04F79EFBC}") = "04. Reverse String", "04\04. Reverse String.csproj", "{99E70748-65EB-4202-A314-1F2BF6BC4DA8}"
EndProject
Project("{FAE04EC0-301F-11D3-BF4B-00C04F79EFBC}") = "05. Messages", "05\05. Messages.csproj", "{552F5DC7-6185-4375-B91D-620B6957F345}"
EndProject
Global
	GlobalSection(SolutionConfigurationPlatforms) = preSolution
		Debug|Any CPU = Debug|Any CPU
		Release|Any CPU = Release|Any CPU
	EndGlobalSection
	GlobalSection(ProjectConfigurationPlatforms) = postSolution
		{5AEBA919-A9BE-4E6A-AC6A-0C88DD2111A7}.Debug|Any CPU.ActiveCfg = Debug|Any CPU
		{5AEBA919-A9BE-4E6A-AC6A-0C88DD2111A7}.Debug|Any CPU.Build.0 = Debug|Any CPU
		{5AEBA919-A9BE-4E6A-AC6A-0C88DD2111A7}.Release|Any CPU.ActiveCfg = Release|Any CPU
		{5AEBA919-A9BE-4E6A-AC6A-0C88DD2111A7}.Release|Any CPU.Build.0 = Release|Any CPU
		{EA558B29-661E-46E6-9F95-13BEC82A8654}.Debug|Any CPU.ActiveCfg = Debug|Any CPU
		{EA558B29-661E-46E6-9F95-13BEC82A8654}.Debug|Any CPU.Build.0 = Debug|Any CPU
		{EA558B29-661E-46E6-9F95-13BEC82A8654}.Release|Any CPU.ActiveCfg = Release|Any CPU
		{EA558B29-661E-46E6-9F95-13BEC82A8654}.Release|Any CPU.Build.0 = Release|Any CPU
		{6CF467A4-CA4E-4CED-9246-4B12A6BF5158}.Debug|Any CPU.ActiveCfg = Debug|Any CPU
		{6CF467A4-CA4E-4CED-9246-4B12A6BF5158}.Debug|Any CPU.Build.0 = Debug|Any CPU
		{6CF467A4-CA4E-4CED-9246-4B12A6BF5158}.Release|Any CPU.ActiveCfg = Release|Any CPU
		{6CF467A4-CA4E-4CED-9246-4B12A6BF5158}.Release|Any CPU.Build.0 = Release|Any CPU
		{99E70748-65EB-4202-A314-1F2BF6BC4DA8}.Debug|Any CPU.ActiveCfg = Debug|Any CPU
		{99E70748-65EB-4202-A314-1F2BF6BC4DA8}.Debug|Any CPU.Build.0 = Debug|Any CPU
		{99E70748-65EB-4202-A314-1F2BF6BC4DA8}.Release|Any CPU.ActiveCfg = Release|Any CPU
		{99E70748-65EB-4202-A314-1F2BF6BC4DA8}.Release|Any CPU.Build.0 = Release|Any CPU
		{552F5DC7-6185-4375-B91D-620B6957F345}.Debug|Any CPU.ActiveCfg = Debug|Any CPU
		{552F5DC7-6185-4375-B91D-620B6957F345}.Debug|Any CPU.Build.0 = Debug|Any CPU
		{552F5DC7-6185-4375-B91D-620B6957F345}.Release|Any CPU.ActiveCfg = Release|Any CPU
		{552F5DC7-6185-4375-B91D-620B6957F345}.Release|Any CPU.Build.0 = Release|Any CPU
	EndGlobalSection
	GlobalSection(SolutionProperties) = preSolution
		HideSolutionNode = FALSE
	EndGlobalSection
	GlobalSection(ExtensibilityGlobals) = postSolution
		SolutionGuid = {C4467449-4526-4E37-9B5C-31648BE1602B}
	EndGlobalSection
EndGlobal
