
Microsoft Visual Studio Solution File, Format Version 12.00
# Visual Studio Version 17
VisualStudioVersion = 17.5.33424.131
MinimumVisualStudioVersion = 10.0.40219.1
Project("{FAE04EC0-301F-11D3-BF4B-00C04F79EFBC}") = "P01_StudentSystem", "P01_StudentSystem\P01_StudentSystem.csproj", "{33487E2B-2149-4198-9898-DF76FEF17155}"
EndProject
Global
	GlobalSection(SolutionConfigurationPlatforms) = preSolution
		Debug|Any CPU = Debug|Any CPU
		Release|Any CPU = Release|Any CPU
	EndGlobalSection
	GlobalSection(ProjectConfigurationPlatforms) = postSolution
		{33487E2B-2149-4198-9898-DF76FEF17155}.Debug|Any CPU.ActiveCfg = Debug|Any CPU
		{33487E2B-2149-4198-9898-DF76FEF17155}.Debug|Any CPU.Build.0 = Debug|Any CPU
		{33487E2B-2149-4198-9898-DF76FEF17155}.Release|Any CPU.ActiveCfg = Release|Any CPU
		{33487E2B-2149-4198-9898-DF76FEF17155}.Release|Any CPU.Build.0 = Release|Any CPU
	EndGlobalSection
	GlobalSection(SolutionProperties) = preSolution
		HideSolutionNode = FALSE
	EndGlobalSection
	GlobalSection(ExtensibilityGlobals) = postSolution
		SolutionGuid = {88E640EC-B1D6-4979-8966-D1BB9A1E26C5}
	EndGlobalSection
EndGlobal
