
Microsoft Visual Studio Solution File, Format Version 12.00
# Visual Studio Version 17
VisualStudioVersion = 17.6.33801.468
MinimumVisualStudioVersion = 10.0.40219.1
Project("{9A19103F-16F7-4668-BE54-9A1E7A4F7556}") = "MVCIntroDemo", "MVCIntroDemo\MVCIntroDemo.csproj", "{5166B9C2-A87E-4DAA-8A0C-EB21CD868F97}"
EndProject
Project("{FAE04EC0-301F-11D3-BF4B-00C04F79EFBC}") = "ChatApp", "ChatApp\ChatApp.csproj", "{582A6F36-7093-40BE-A93A-629C6FEB2E23}"
EndProject
Project("{FAE04EC0-301F-11D3-BF4B-00C04F79EFBC}") = "TextSplitterApp", "TextSplitterApp\TextSplitterApp.csproj", "{965ADB1C-806C-411F-98B7-5F1FBF6070C3}"
EndProject
Global
	GlobalSection(SolutionConfigurationPlatforms) = preSolution
		Debug|Any CPU = Debug|Any CPU
		Release|Any CPU = Release|Any CPU
	EndGlobalSection
	GlobalSection(ProjectConfigurationPlatforms) = postSolution
		{5166B9C2-A87E-4DAA-8A0C-EB21CD868F97}.Debug|Any CPU.ActiveCfg = Debug|Any CPU
		{5166B9C2-A87E-4DAA-8A0C-EB21CD868F97}.Debug|Any CPU.Build.0 = Debug|Any CPU
		{5166B9C2-A87E-4DAA-8A0C-EB21CD868F97}.Release|Any CPU.ActiveCfg = Release|Any CPU
		{5166B9C2-A87E-4DAA-8A0C-EB21CD868F97}.Release|Any CPU.Build.0 = Release|Any CPU
		{582A6F36-7093-40BE-A93A-629C6FEB2E23}.Debug|Any CPU.ActiveCfg = Debug|Any CPU
		{582A6F36-7093-40BE-A93A-629C6FEB2E23}.Debug|Any CPU.Build.0 = Debug|Any CPU
		{582A6F36-7093-40BE-A93A-629C6FEB2E23}.Release|Any CPU.ActiveCfg = Release|Any CPU
		{582A6F36-7093-40BE-A93A-629C6FEB2E23}.Release|Any CPU.Build.0 = Release|Any CPU
		{965ADB1C-806C-411F-98B7-5F1FBF6070C3}.Debug|Any CPU.ActiveCfg = Debug|Any CPU
		{965ADB1C-806C-411F-98B7-5F1FBF6070C3}.Debug|Any CPU.Build.0 = Debug|Any CPU
		{965ADB1C-806C-411F-98B7-5F1FBF6070C3}.Release|Any CPU.ActiveCfg = Release|Any CPU
		{965ADB1C-806C-411F-98B7-5F1FBF6070C3}.Release|Any CPU.Build.0 = Release|Any CPU
	EndGlobalSection
	GlobalSection(SolutionProperties) = preSolution
		HideSolutionNode = FALSE
	EndGlobalSection
	GlobalSection(ExtensibilityGlobals) = postSolution
		SolutionGuid = {3985E1E6-C112-414A-B332-9AC7D24445A6}
	EndGlobalSection
EndGlobal
