
Microsoft Visual Studio Solution File, Format Version 12.00
# Visual Studio Version 17
VisualStudioVersion = 17.3.32922.545
MinimumVisualStudioVersion = 10.0.40219.1
Project("{FAE04EC0-301F-11D3-BF4B-00C04F79EFBC}") = "1. MathOperation", "1. MathOperation\1. MathOperation.csproj", "{6A297D78-4125-49E1-8741-C6F177C5C626}"
EndProject
Project("{FAE04EC0-301F-11D3-BF4B-00C04F79EFBC}") = "2. Animals", "2. Animals\2. Animals.csproj", "{27241E8E-EABD-4F80-98E2-2217437F8B58}"
EndProject
Project("{FAE04EC0-301F-11D3-BF4B-00C04F79EFBC}") = "3.Shapes", "3.Shapes\3.Shapes.csproj", "{0D6C2340-6FB8-455C-8FA7-0661AD215F74}"
EndProject
Global
	GlobalSection(SolutionConfigurationPlatforms) = preSolution
		Debug|Any CPU = Debug|Any CPU
		Release|Any CPU = Release|Any CPU
	EndGlobalSection
	GlobalSection(ProjectConfigurationPlatforms) = postSolution
		{6A297D78-4125-49E1-8741-C6F177C5C626}.Debug|Any CPU.ActiveCfg = Debug|Any CPU
		{6A297D78-4125-49E1-8741-C6F177C5C626}.Debug|Any CPU.Build.0 = Debug|Any CPU
		{6A297D78-4125-49E1-8741-C6F177C5C626}.Release|Any CPU.ActiveCfg = Release|Any CPU
		{6A297D78-4125-49E1-8741-C6F177C5C626}.Release|Any CPU.Build.0 = Release|Any CPU
		{27241E8E-EABD-4F80-98E2-2217437F8B58}.Debug|Any CPU.ActiveCfg = Debug|Any CPU
		{27241E8E-EABD-4F80-98E2-2217437F8B58}.Debug|Any CPU.Build.0 = Debug|Any CPU
		{27241E8E-EABD-4F80-98E2-2217437F8B58}.Release|Any CPU.ActiveCfg = Release|Any CPU
		{27241E8E-EABD-4F80-98E2-2217437F8B58}.Release|Any CPU.Build.0 = Release|Any CPU
		{0D6C2340-6FB8-455C-8FA7-0661AD215F74}.Debug|Any CPU.ActiveCfg = Debug|Any CPU
		{0D6C2340-6FB8-455C-8FA7-0661AD215F74}.Debug|Any CPU.Build.0 = Debug|Any CPU
		{0D6C2340-6FB8-455C-8FA7-0661AD215F74}.Release|Any CPU.ActiveCfg = Release|Any CPU
		{0D6C2340-6FB8-455C-8FA7-0661AD215F74}.Release|Any CPU.Build.0 = Release|Any CPU
	EndGlobalSection
	GlobalSection(SolutionProperties) = preSolution
		HideSolutionNode = FALSE
	EndGlobalSection
	GlobalSection(ExtensibilityGlobals) = postSolution
		SolutionGuid = {2B741295-6EED-4A8B-9AF7-A27830204209}
	EndGlobalSection
EndGlobal
