
Microsoft Visual Studio Solution File, Format Version 12.00
# Visual Studio Version 17
VisualStudioVersion = 17.3.32922.545
MinimumVisualStudioVersion = 10.0.40219.1
Project("{9A19103F-16F7-4668-BE54-9A1E7A4F7556}") = "1.Stealer", "1.Stealer\1.Stealer.csproj", "{DEDF57AA-5218-493A-B620-989E8F117836}"
EndProject
Project("{9A19103F-16F7-4668-BE54-9A1E7A4F7556}") = "2.High-QualityMistakes", "2.High-QualityMistakes\2.High-QualityMistakes.csproj", "{E5C951FC-5D20-49B5-A38C-8F4BE4266253}"
EndProject
Project("{9A19103F-16F7-4668-BE54-9A1E7A4F7556}") = "3.MissionPrivateImpossible", "3.MissionPrivateImpossible\3.MissionPrivateImpossible.csproj", "{B8F6E86D-264B-4C8A-B67D-C78BBFD468B8}"
EndProject
Project("{9A19103F-16F7-4668-BE54-9A1E7A4F7556}") = "4.Collector", "4.Collector\4.Collector.csproj", "{B3AC08A8-87A3-4A4E-8A39-964C8A985607}"
EndProject
Project("{9A19103F-16F7-4668-BE54-9A1E7A4F7556}") = "5.CreateAttribute", "5.CreateAttribute\5.CreateAttribute.csproj", "{C5C16A31-C67F-4A7F-BF57-A44B000CD969}"
EndProject
Project("{9A19103F-16F7-4668-BE54-9A1E7A4F7556}") = "6.CodeTracker", "6.CodeTracker\6.CodeTracker.csproj", "{17012439-2FC3-4960-AD2E-6BA02A00AC04}"
EndProject
Global
	GlobalSection(SolutionConfigurationPlatforms) = preSolution
		Debug|Any CPU = Debug|Any CPU
		Release|Any CPU = Release|Any CPU
	EndGlobalSection
	GlobalSection(ProjectConfigurationPlatforms) = postSolution
		{DEDF57AA-5218-493A-B620-989E8F117836}.Debug|Any CPU.ActiveCfg = Debug|Any CPU
		{DEDF57AA-5218-493A-B620-989E8F117836}.Debug|Any CPU.Build.0 = Debug|Any CPU
		{DEDF57AA-5218-493A-B620-989E8F117836}.Release|Any CPU.ActiveCfg = Release|Any CPU
		{DEDF57AA-5218-493A-B620-989E8F117836}.Release|Any CPU.Build.0 = Release|Any CPU
		{E5C951FC-5D20-49B5-A38C-8F4BE4266253}.Debug|Any CPU.ActiveCfg = Debug|Any CPU
		{E5C951FC-5D20-49B5-A38C-8F4BE4266253}.Debug|Any CPU.Build.0 = Debug|Any CPU
		{E5C951FC-5D20-49B5-A38C-8F4BE4266253}.Release|Any CPU.ActiveCfg = Release|Any CPU
		{E5C951FC-5D20-49B5-A38C-8F4BE4266253}.Release|Any CPU.Build.0 = Release|Any CPU
		{B8F6E86D-264B-4C8A-B67D-C78BBFD468B8}.Debug|Any CPU.ActiveCfg = Debug|Any CPU
		{B8F6E86D-264B-4C8A-B67D-C78BBFD468B8}.Debug|Any CPU.Build.0 = Debug|Any CPU
		{B8F6E86D-264B-4C8A-B67D-C78BBFD468B8}.Release|Any CPU.ActiveCfg = Release|Any CPU
		{B8F6E86D-264B-4C8A-B67D-C78BBFD468B8}.Release|Any CPU.Build.0 = Release|Any CPU
		{B3AC08A8-87A3-4A4E-8A39-964C8A985607}.Debug|Any CPU.ActiveCfg = Debug|Any CPU
		{B3AC08A8-87A3-4A4E-8A39-964C8A985607}.Debug|Any CPU.Build.0 = Debug|Any CPU
		{B3AC08A8-87A3-4A4E-8A39-964C8A985607}.Release|Any CPU.ActiveCfg = Release|Any CPU
		{B3AC08A8-87A3-4A4E-8A39-964C8A985607}.Release|Any CPU.Build.0 = Release|Any CPU
		{C5C16A31-C67F-4A7F-BF57-A44B000CD969}.Debug|Any CPU.ActiveCfg = Debug|Any CPU
		{C5C16A31-C67F-4A7F-BF57-A44B000CD969}.Debug|Any CPU.Build.0 = Debug|Any CPU
		{C5C16A31-C67F-4A7F-BF57-A44B000CD969}.Release|Any CPU.ActiveCfg = Release|Any CPU
		{C5C16A31-C67F-4A7F-BF57-A44B000CD969}.Release|Any CPU.Build.0 = Release|Any CPU
		{17012439-2FC3-4960-AD2E-6BA02A00AC04}.Debug|Any CPU.ActiveCfg = Debug|Any CPU
		{17012439-2FC3-4960-AD2E-6BA02A00AC04}.Debug|Any CPU.Build.0 = Debug|Any CPU
		{17012439-2FC3-4960-AD2E-6BA02A00AC04}.Release|Any CPU.ActiveCfg = Release|Any CPU
		{17012439-2FC3-4960-AD2E-6BA02A00AC04}.Release|Any CPU.Build.0 = Release|Any CPU
	EndGlobalSection
	GlobalSection(SolutionProperties) = preSolution
		HideSolutionNode = FALSE
	EndGlobalSection
	GlobalSection(ExtensibilityGlobals) = postSolution
		SolutionGuid = {3562DA61-0886-477D-928E-B47ED7C3287F}
	EndGlobalSection
EndGlobal
