
Microsoft Visual Studio Solution File, Format Version 12.00
# Visual Studio Version 17
VisualStudioVersion = 17.6.33801.468
MinimumVisualStudioVersion = 10.0.40219.1
Project("{FAE04EC0-301F-11D3-BF4B-00C04F79EFBC}") = "ForumApp", "ForumAPp\ForumApp.csproj", "{722B72CA-DD75-442B-88C4-8B1A7E0E043E}"
EndProject
Global
	GlobalSection(SolutionConfigurationPlatforms) = preSolution
		Debug|Any CPU = Debug|Any CPU
		Release|Any CPU = Release|Any CPU
	EndGlobalSection
	GlobalSection(ProjectConfigurationPlatforms) = postSolution
		{722B72CA-DD75-442B-88C4-8B1A7E0E043E}.Debug|Any CPU.ActiveCfg = Debug|Any CPU
		{722B72CA-DD75-442B-88C4-8B1A7E0E043E}.Debug|Any CPU.Build.0 = Debug|Any CPU
		{722B72CA-DD75-442B-88C4-8B1A7E0E043E}.Release|Any CPU.ActiveCfg = Release|Any CPU
		{722B72CA-DD75-442B-88C4-8B1A7E0E043E}.Release|Any CPU.Build.0 = Release|Any CPU
	EndGlobalSection
	GlobalSection(SolutionProperties) = preSolution
		HideSolutionNode = FALSE
	EndGlobalSection
	GlobalSection(ExtensibilityGlobals) = postSolution
		SolutionGuid = {7AE81F50-082C-4B3C-AD44-EEB04BD80C7F}
	EndGlobalSection
EndGlobal
